
Microsoft Visual Studio Solution File, Format Version 12.00
Project("{FAE04EC0-301F-11D3-BF4B-00C04F79EFBC}") = "App3", "App3\App3\App3.csproj", "{F0B96939-4F41-40CC-8C79-F2A06A1A3807}"
EndProject
Project("{FAE04EC0-301F-11D3-BF4B-00C04F79EFBC}") = "App3.Android", "App3\App3.Android\App3.Android.csproj", "{2B02F2D0-5953-4F79-971E-AC3046C9484C}"
EndProject
Project("{FAE04EC0-301F-11D3-BF4B-00C04F79EFBC}") = "App3.iOS", "App3\App3.iOS\App3.iOS.csproj", "{00F937AE-1E93-4535-987B-477749DDE33C}"
EndProject
Global
	GlobalSection(SolutionConfigurationPlatforms) = preSolution
		Ad-Hoc|iPhone = Ad-Hoc|iPhone
		AppStore|iPhone = AppStore|iPhone
		Debug|Any CPU = Debug|Any CPU
		Debug|iPhone = Debug|iPhone
		Debug|iPhoneSimulator = Debug|iPhoneSimulator
		Release|Any CPU = Release|Any CPU
		Release|iPhone = Release|iPhone
		Release|iPhoneSimulator = Release|iPhoneSimulator
	EndGlobalSection
	GlobalSection(ProjectConfigurationPlatforms) = postSolution
		{F0B96939-4F41-40CC-8C79-F2A06A1A3807}.Ad-Hoc|iPhone.ActiveCfg = Debug|Any CPU
		{F0B96939-4F41-40CC-8C79-F2A06A1A3807}.Ad-Hoc|iPhone.Build.0 = Debug|Any CPU
		{F0B96939-4F41-40CC-8C79-F2A06A1A3807}.AppStore|iPhone.ActiveCfg = Debug|Any CPU
		{F0B96939-4F41-40CC-8C79-F2A06A1A3807}.AppStore|iPhone.Build.0 = Debug|Any CPU
		{F0B96939-4F41-40CC-8C79-F2A06A1A3807}.Debug|Any CPU.ActiveCfg = Debug|Any CPU
		{F0B96939-4F41-40CC-8C79-F2A06A1A3807}.Debug|Any CPU.Build.0 = Debug|Any CPU
		{F0B96939-4F41-40CC-8C79-F2A06A1A3807}.Debug|iPhone.ActiveCfg = Debug|Any CPU
		{F0B96939-4F41-40CC-8C79-F2A06A1A3807}.Debug|iPhone.Build.0 = Debug|Any CPU
		{F0B96939-4F41-40CC-8C79-F2A06A1A3807}.Debug|iPhoneSimulator.ActiveCfg = Debug|Any CPU
		{F0B96939-4F41-40CC-8C79-F2A06A1A3807}.Debug|iPhoneSimulator.Build.0 = Debug|Any CPU
		{F0B96939-4F41-40CC-8C79-F2A06A1A3807}.Release|Any CPU.ActiveCfg = Release|Any CPU
		{F0B96939-4F41-40CC-8C79-F2A06A1A3807}.Release|Any CPU.Build.0 = Release|Any CPU
		{F0B96939-4F41-40CC-8C79-F2A06A1A3807}.Release|iPhone.ActiveCfg = Release|Any CPU
		{F0B96939-4F41-40CC-8C79-F2A06A1A3807}.Release|iPhone.Build.0 = Release|Any CPU
		{F0B96939-4F41-40CC-8C79-F2A06A1A3807}.Release|iPhoneSimulator.ActiveCfg = Release|Any CPU
		{F0B96939-4F41-40CC-8C79-F2A06A1A3807}.Release|iPhoneSimulator.Build.0 = Release|Any CPU
		{2B02F2D0-5953-4F79-971E-AC3046C9484C}.Ad-Hoc|iPhone.ActiveCfg = Debug|Any CPU
		{2B02F2D0-5953-4F79-971E-AC3046C9484C}.Ad-Hoc|iPhone.Build.0 = Debug|Any CPU
		{2B02F2D0-5953-4F79-971E-AC3046C9484C}.Ad-Hoc|iPhone.Deploy.0 = Debug|Any CPU
		{2B02F2D0-5953-4F79-971E-AC3046C9484C}.AppStore|iPhone.ActiveCfg = Debug|Any CPU
		{2B02F2D0-5953-4F79-971E-AC3046C9484C}.AppStore|iPhone.Build.0 = Debug|Any CPU
		{2B02F2D0-5953-4F79-971E-AC3046C9484C}.AppStore|iPhone.Deploy.0 = Debug|Any CPU
		{2B02F2D0-5953-4F79-971E-AC3046C9484C}.Debug|Any CPU.ActiveCfg = Debug|Any CPU
		{2B02F2D0-5953-4F79-971E-AC3046C9484C}.Debug|Any CPU.Build.0 = Debug|Any CPU
		{2B02F2D0-5953-4F79-971E-AC3046C9484C}.Debug|Any CPU.Deploy.0 = Debug|Any CPU
		{2B02F2D0-5953-4F79-971E-AC3046C9484C}.Debug|iPhone.ActiveCfg = Debug|Any CPU
		{2B02F2D0-5953-4F79-971E-AC3046C9484C}.Debug|iPhone.Build.0 = Debug|Any CPU
		{2B02F2D0-5953-4F79-971E-AC3046C9484C}.Debug|iPhone.Deploy.0 = Debug|Any CPU
		{2B02F2D0-5953-4F79-971E-AC3046C9484C}.Debug|iPhoneSimulator.ActiveCfg = Debug|Any CPU
		{2B02F2D0-5953-4F79-971E-AC3046C9484C}.Debug|iPhoneSimulator.Build.0 = Debug|Any CPU
		{2B02F2D0-5953-4F79-971E-AC3046C9484C}.Debug|iPhoneSimulator.Deploy.0 = Debug|Any CPU
		{2B02F2D0-5953-4F79-971E-AC3046C9484C}.Release|Any CPU.ActiveCfg = Release|Any CPU
		{2B02F2D0-5953-4F79-971E-AC3046C9484C}.Release|Any CPU.Build.0 = Release|Any CPU
		{2B02F2D0-5953-4F79-971E-AC3046C9484C}.Release|Any CPU.Deploy.0 = Release|Any CPU
		{2B02F2D0-5953-4F79-971E-AC3046C9484C}.Release|iPhone.ActiveCfg = Release|Any CPU
		{2B02F2D0-5953-4F79-971E-AC3046C9484C}.Release|iPhone.Build.0 = Release|Any CPU
		{2B02F2D0-5953-4F79-971E-AC3046C9484C}.Release|iPhone.Deploy.0 = Release|Any CPU
		{2B02F2D0-5953-4F79-971E-AC3046C9484C}.Release|iPhoneSimulator.ActiveCfg = Release|Any CPU
		{2B02F2D0-5953-4F79-971E-AC3046C9484C}.Release|iPhoneSimulator.Build.0 = Release|Any CPU
		{2B02F2D0-5953-4F79-971E-AC3046C9484C}.Release|iPhoneSimulator.Deploy.0 = Release|Any CPU
		{00F937AE-1E93-4535-987B-477749DDE33C}.Ad-Hoc|iPhone.ActiveCfg = Ad-Hoc|iPhone
		{00F937AE-1E93-4535-987B-477749DDE33C}.Ad-Hoc|iPhone.Build.0 = Ad-Hoc|iPhone
		{00F937AE-1E93-4535-987B-477749DDE33C}.Ad-Hoc|iPhone.Deploy.0 = Ad-Hoc|iPhone
		{00F937AE-1E93-4535-987B-477749DDE33C}.AppStore|iPhone.ActiveCfg = AppStore|iPhone
		{00F937AE-1E93-4535-987B-477749DDE33C}.AppStore|iPhone.Build.0 = AppStore|iPhone
		{00F937AE-1E93-4535-987B-477749DDE33C}.AppStore|iPhone.Deploy.0 = AppStore|iPhone
		{00F937AE-1E93-4535-987B-477749DDE33C}.Debug|Any CPU.ActiveCfg = Debug|iPhoneSimulator
		{00F937AE-1E93-4535-987B-477749DDE33C}.Debug|Any CPU.Build.0 = Debug|iPhoneSimulator
		{00F937AE-1E93-4535-987B-477749DDE33C}.Debug|Any CPU.Deploy.0 = Debug|iPhoneSimulator
		{00F937AE-1E93-4535-987B-477749DDE33C}.Debug|iPhone.ActiveCfg = Debug|iPhone
		{00F937AE-1E93-4535-987B-477749DDE33C}.Debug|iPhone.Build.0 = Debug|iPhone
		{00F937AE-1E93-4535-987B-477749DDE33C}.Debug|iPhone.Deploy.0 = Debug|iPhone
		{00F937AE-1E93-4535-987B-477749DDE33C}.Debug|iPhoneSimulator.ActiveCfg = Debug|iPhoneSimulator
		{00F937AE-1E93-4535-987B-477749DDE33C}.Debug|iPhoneSimulator.Build.0 = Debug|iPhoneSimulator
		{00F937AE-1E93-4535-987B-477749DDE33C}.Debug|iPhoneSimulator.Deploy.0 = Debug|iPhoneSimulator
		{00F937AE-1E93-4535-987B-477749DDE33C}.Release|Any CPU.ActiveCfg = Release|iPhoneSimulator
		{00F937AE-1E93-4535-987B-477749DDE33C}.Release|Any CPU.Build.0 = Release|iPhoneSimulator
		{00F937AE-1E93-4535-987B-477749DDE33C}.Release|Any CPU.Deploy.0 = Release|iPhoneSimulator
		{00F937AE-1E93-4535-987B-477749DDE33C}.Release|iPhone.ActiveCfg = Release|iPhone
		{00F937AE-1E93-4535-987B-477749DDE33C}.Release|iPhone.Build.0 = Release|iPhone
		{00F937AE-1E93-4535-987B-477749DDE33C}.Release|iPhone.Deploy.0 = Release|iPhone
		{00F937AE-1E93-4535-987B-477749DDE33C}.Release|iPhoneSimulator.ActiveCfg = Release|iPhoneSimulator
		{00F937AE-1E93-4535-987B-477749DDE33C}.Release|iPhoneSimulator.Build.0 = Release|iPhoneSimulator
		{00F937AE-1E93-4535-987B-477749DDE33C}.Release|iPhoneSimulator.Deploy.0 = Release|iPhoneSimulator
	EndGlobalSection
EndGlobal
